
Microsoft Visual Studio Solution File, Format Version 12.00
Project("{FAE04EC0-301F-11D3-BF4B-00C04F79EFBC}") = "LeetCode", "LeetCode.csproj", "{E246A307-1372-4477-96D9-9A0CC673AAFA}"
EndProject
Global
	GlobalSection(SolutionConfigurationPlatforms) = preSolution
		Debug|Any CPU = Debug|Any CPU
		Release|Any CPU = Release|Any CPU
	EndGlobalSection
	GlobalSection(ProjectConfigurationPlatforms) = postSolution
		{E246A307-1372-4477-96D9-9A0CC673AAFA}.Debug|Any CPU.ActiveCfg = Debug|Any CPU
		{E246A307-1372-4477-96D9-9A0CC673AAFA}.Debug|Any CPU.Build.0 = Debug|Any CPU
		{E246A307-1372-4477-96D9-9A0CC673AAFA}.Release|Any CPU.ActiveCfg = Release|Any CPU
		{E246A307-1372-4477-96D9-9A0CC673AAFA}.Release|Any CPU.Build.0 = Release|Any CPU
	EndGlobalSection
EndGlobal
